dependencies:
- name: operator
  repository: file://charts/operator
  version: 25.3.4-preview+1
- name: cockroachdb
  repository: file://charts/cockroachdb
  version: 25.3.4-preview+1
digest: sha256:d0a6019097a776a1a0957da0d00639856a5d16a61b826fec25d184f5cfedcfc0
generated: "2025-10-31T00:56:21.004226+05:30"
